
Microsoft Visual Studio Solution File, Format Version 12.00
# Visual Studio 15
VisualStudioVersion = 15.0.28307.421
MinimumVisualStudioVersion = 10.0.40219.1
Project("{FAE04EC0-301F-11D3-BF4B-00C04F79EFBC}") = "AclasSDK_Demo", "AclasSDK_Demo\AclasSDK_Demo.csproj", "{6CC8A837-FE38-492B-BD78-CF1C25B5441F}"
EndProject
Project("{FAE04EC0-301F-11D3-BF4B-00C04F79EFBC}") = "AclasFor_node", "AclasFor_node\AclasFor_node.csproj", "{EFEB298F-D690-4915-A893-ECEFFBB91D4D}"
EndProject
Project("{FAE04EC0-301F-11D3-BF4B-00C04F79EFBC}") = "AclasFor_node_SingleFile", "AclasFor_node_SingleFile\AclasFor_node_SingleFile.csproj", "{FE210414-05FE-4712-81C7-4ECB1B11C944}"
EndProject
Global
	GlobalSection(SolutionConfigurationPlatforms) = preSolution
		Debug|x86 = Debug|x86
		Release|x86 = Release|x86
	EndGlobalSection
	GlobalSection(ProjectConfigurationPlatforms) = postSolution
		{6CC8A837-FE38-492B-BD78-CF1C25B5441F}.Debug|x86.ActiveCfg = Debug|x86
		{6CC8A837-FE38-492B-BD78-CF1C25B5441F}.Debug|x86.Build.0 = Debug|x86
		{6CC8A837-FE38-492B-BD78-CF1C25B5441F}.Release|x86.ActiveCfg = Release|x86
		{6CC8A837-FE38-492B-BD78-CF1C25B5441F}.Release|x86.Build.0 = Release|x86
		{EFEB298F-D690-4915-A893-ECEFFBB91D4D}.Debug|x86.ActiveCfg = Debug|x86
		{EFEB298F-D690-4915-A893-ECEFFBB91D4D}.Debug|x86.Build.0 = Debug|x86
		{EFEB298F-D690-4915-A893-ECEFFBB91D4D}.Release|x86.ActiveCfg = Release|x86
		{EFEB298F-D690-4915-A893-ECEFFBB91D4D}.Release|x86.Build.0 = Release|x86
		{FE210414-05FE-4712-81C7-4ECB1B11C944}.Debug|x86.ActiveCfg = Debug|x86
		{FE210414-05FE-4712-81C7-4ECB1B11C944}.Debug|x86.Build.0 = Debug|x86
		{FE210414-05FE-4712-81C7-4ECB1B11C944}.Release|x86.ActiveCfg = Release|x86
		{FE210414-05FE-4712-81C7-4ECB1B11C944}.Release|x86.Build.0 = Release|x86
	EndGlobalSection
	GlobalSection(SolutionProperties) = preSolution
		HideSolutionNode = FALSE
	EndGlobalSection
	GlobalSection(ExtensibilityGlobals) = postSolution
		SolutionGuid = {A86F4F8A-020B-4DA3-9770-0DCEF5C17E23}
	EndGlobalSection
EndGlobal
